<?xml version="1.0" encoding="utf-8"?>
<Project ToolsVersion="4.0" xmlns="http://schemas.microsoft.com/developer/msbuild/2003">
  <ItemGroup>
    <Filter Include="소스 파일">
      <UniqueIdentifier>{4FC737F1-C7A5-4376-A066-2A32D752A2FF}</UniqueIdentifier>
      <Extensions>cpp;c;cc;cxx;c++;cppm;ixx;def;odl;idl;hpj;bat;asm;asmx</Extensions>
    </Filter>
    <Filter Include="헤더 파일">
      <UniqueIdentifier>{93995380-89BD-4b04-88EB-625FBE52EBFB}</UniqueIdentifier>
      <Extensions>h;hh;hpp;hxx;h++;hm;inl;inc;ipp;xsd</Extensions>
    </Filter>
    <Filter Include="리소스 파일">
      <UniqueIdentifier>{67DA6AB6-F800-4c08-8B7A-83BB121AAD01}</UniqueIdentifier>
      <Extensions>rc;ico;cur;bmp;dlg;rc2;rct;bin;rgs;gif;jpg;jpeg;jpe;resx;tiff;tif;png;wav;mfcribbon-ms</Extensions>
    </Filter>
    <Filter Include="FX">
      <UniqueIdentifier>{474b6367-6b4c-43e4-ba78-72d9690a879f}</UniqueIdentifier>
    </Filter>
    <Filter Include="소스 파일\Common">
      <UniqueIdentifier>{67ca4784-9420-4ba8-976c-d93e7f420d9d}</UniqueIdentifier>
    </Filter>
    <Filter Include="헤더 파일\Common">
      <UniqueIdentifier>{6a5cae52-f488-4bf3-80ce-275412e82845}</UniqueIdentifier>
    </Filter>
  </ItemGroup>
  <ItemGroup>
    <FxCompile Include="..\FX\Lighting.fx">
      <Filter>FX</Filter>
    </FxCompile>
    <FxCompile Include="..\FX\LightHelper.fx">
      <Filter>FX</Filter>
    </FxCompile>
    <FxCompile Include="..\FX\Basic.fx">
      <Filter>FX</Filter>
    </FxCompile>
    <FxCompile Include="..\FX\TreeSprite.fx">
      <Filter>FX</Filter>
    </FxCompile>
    <FxCompile Include="CubeMap.fx">
      <Filter>FX</Filter>
    </FxCompile>
    <FxCompile Include="..\FX\NormalMap.fx">
      <Filter>FX</Filter>
    </FxCompile>
    <FxCompile Include="..\FX\InstanceBasic.fx">
      <Filter>FX</Filter>
    </FxCompile>
    <FxCompile Include="..\FX\Fire.fx">
      <Filter>FX</Filter>
    </FxCompile>
    <FxCompile Include="..\FX\Rain.fx">
      <Filter>FX</Filter>
    </FxCompile>
    <FxCompile Include="..\FX\tessel.fx">
      <Filter>FX</Filter>
    </FxCompile>
    <FxCompile Include="..\FX\bezier.fx">
      <Filter>FX</Filter>
    </FxCompile>
    <FxCompile Include="..\FX\BuildShadowMap.fx">
      <Filter>FX</Filter>
    </FxCompile>
    <FxCompile Include="..\FX\Terrain.fx">
      <Filter>FX</Filter>
    </FxCompile>
    <FxCompile Include="..\FX\Terrain2.fx">
      <Filter>FX</Filter>
    </FxCompile>
    <FxCompile Include="..\FX\DebugTexture.fx">
      <Filter>FX</Filter>
    </FxCompile>
    <FxCompile Include="..\FX\DisplacementMap.fx">
      <Filter>FX</Filter>
    </FxCompile>
  </ItemGroup>
  <ItemGroup>
    <ClCompile Include="InputLayouts.cpp">
      <Filter>소스 파일</Filter>
    </ClCompile>
    <ClCompile Include="Effects.cpp">
      <Filter>소스 파일</Filter>
    </ClCompile>
    <ClCompile Include="RenderStates.cpp">
      <Filter>소스 파일</Filter>
    </ClCompile>
    <ClCompile Include="gCamera.cpp">
      <Filter>소스 파일</Filter>
    </ClCompile>
    <ClCompile Include="CubeModel.cpp">
      <Filter>소스 파일</Filter>
    </ClCompile>
    <ClCompile Include="NormalMapModel.cpp">
      <Filter>소스 파일</Filter>
    </ClCompile>
    <ClCompile Include="BasicModel.cpp">
      <Filter>소스 파일</Filter>
    </ClCompile>
    <ClCompile Include="Particle.cpp">
      <Filter>소스 파일</Filter>
    </ClCompile>
    <ClCompile Include="Waves.cpp">
      <Filter>소스 파일\Common</Filter>
    </ClCompile>
    <ClCompile Include="dxerr.cpp">
      <Filter>소스 파일\Common</Filter>
    </ClCompile>
    <ClCompile Include="d3dUtil.cpp">
      <Filter>소스 파일\Common</Filter>
    </ClCompile>
    <ClCompile Include="TextureMgr.cpp">
      <Filter>소스 파일\Common</Filter>
    </ClCompile>
    <ClCompile Include="MathHelper.cpp">
      <Filter>소스 파일\Common</Filter>
    </ClCompile>
    <ClCompile Include="GeometryGenerator.cpp">
      <Filter>소스 파일\Common</Filter>
    </ClCompile>
    <ClCompile Include="GameTimer.cpp">
      <Filter>소스 파일\Common</Filter>
    </ClCompile>
    <ClCompile Include="LightHelper.cpp">
      <Filter>소스 파일\Common</Filter>
    </ClCompile>
    <ClCompile Include="d3dApp.cpp">
      <Filter>소스 파일\Common</Filter>
    </ClCompile>
    <ClCompile Include="ShadowMap.cpp">
      <Filter>소스 파일</Filter>
    </ClCompile>
    <ClCompile Include="Terrain.cpp">
      <Filter>소스 파일</Filter>
    </ClCompile>
    <ClCompile Include="Screen.cpp">
      <Filter>소스 파일</Filter>
    </ClCompile>
    <ClCompile Include="13_2_bezier.cpp">
      <Filter>소스 파일</Filter>
    </ClCompile>
  </ItemGroup>
  <ItemGroup>
    <ClInclude Include="InputLayouts.h">
      <Filter>헤더 파일</Filter>
    </ClInclude>
    <ClInclude Include="Effects.h">
      <Filter>헤더 파일</Filter>
    </ClInclude>
    <ClInclude Include="RenderStates.h">
      <Filter>헤더 파일</Filter>
    </ClInclude>
    <ClInclude Include="gCamera.h">
      <Filter>헤더 파일</Filter>
    </ClInclude>
    <ClInclude Include="CubeModel.h">
      <Filter>헤더 파일</Filter>
    </ClInclude>
    <ClInclude Include="NormalMapModel.h">
      <Filter>헤더 파일</Filter>
    </ClInclude>
    <ClInclude Include="BasicModel.h">
      <Filter>헤더 파일</Filter>
    </ClInclude>
    <ClInclude Include="Particle.h">
      <Filter>헤더 파일</Filter>
    </ClInclude>
    <ClInclude Include="Waves.h">
      <Filter>헤더 파일\Common</Filter>
    </ClInclude>
    <ClInclude Include="TextureMgr.h">
      <Filter>헤더 파일\Common</Filter>
    </ClInclude>
    <ClInclude Include="MathHelper.h">
      <Filter>헤더 파일\Common</Filter>
    </ClInclude>
    <ClInclude Include="LightHelper.h">
      <Filter>헤더 파일\Common</Filter>
    </ClInclude>
    <ClInclude Include="GeometryGenerator.h">
      <Filter>헤더 파일\Common</Filter>
    </ClInclude>
    <ClInclude Include="GameTimer.h">
      <Filter>헤더 파일\Common</Filter>
    </ClInclude>
    <ClInclude Include="dxerr.h">
      <Filter>헤더 파일\Common</Filter>
    </ClInclude>
    <ClInclude Include="d3dxGlobal.h">
      <Filter>헤더 파일\Common</Filter>
    </ClInclude>
    <ClInclude Include="d3dx11effect.h">
      <Filter>헤더 파일\Common</Filter>
    </ClInclude>
    <ClInclude Include="d3dUtil.h">
      <Filter>헤더 파일\Common</Filter>
    </ClInclude>
    <ClInclude Include="d3dApp.h">
      <Filter>헤더 파일\Common</Filter>
    </ClInclude>
    <ClInclude Include="ShadowMap.h">
      <Filter>헤더 파일</Filter>
    </ClInclude>
    <ClInclude Include="Terrain.h">
      <Filter>헤더 파일</Filter>
    </ClInclude>
    <ClInclude Include="Screen.h">
      <Filter>헤더 파일</Filter>
    </ClInclude>
    <ClInclude Include="WaveFrontReader.h">
      <Filter>헤더 파일</Filter>
    </ClInclude>
  </ItemGroup>
</Project>